
Microsoft Visual Studio Solution File, Format Version 12.00
# Visual Studio Version 16
VisualStudioVersion = 16.0.29001.49
MinimumVisualStudioVersion = 10.0.40219.1
Project("{FAE04EC0-301F-11D3-BF4B-00C04F79EFBC}") = "GitUI", "GitUI\GitUI.csproj", "{AD2E72A6-73F1-4BA4-9595-FD6413763DE0}"
EndProject
Global
	GlobalSection(SolutionConfigurationPlatforms) = preSolution
		Debug|Any CPU = Debug|Any CPU
		Release|Any CPU = Release|Any CPU
	EndGlobalSection
	GlobalSection(ProjectConfigurationPlatforms) = postSolution
		{AD2E72A6-73F1-4BA4-9595-FD6413763DE0}.Debug|Any CPU.ActiveCfg = Debug|Any CPU
		{AD2E72A6-73F1-4BA4-9595-FD6413763DE0}.Debug|Any CPU.Build.0 = Debug|Any CPU
		{AD2E72A6-73F1-4BA4-9595-FD6413763DE0}.Release|Any CPU.ActiveCfg = Release|Any CPU
		{AD2E72A6-73F1-4BA4-9595-FD6413763DE0}.Release|Any CPU.Build.0 = Release|Any CPU
	EndGlobalSection
	GlobalSection(SolutionProperties) = preSolution
		HideSolutionNode = FALSE
	EndGlobalSection
	GlobalSection(ExtensibilityGlobals) = postSolution
		SolutionGuid = {A5EDE85A-355F-4E75-AAB6-313EEA6E5BEC}
	EndGlobalSection
EndGlobal
